
Microsoft Visual Studio Solution File, Format Version 12.00
# Visual Studio Version 17
VisualStudioVersion = 17.14.36414.22 d17.14
MinimumVisualStudioVersion = 10.0.40219.1
Project("{FAE04EC0-301F-11D3-BF4B-00C04F79EFBC}") = "API_QLTV", "API_QLTV\API_QLTV.csproj", "{828A4EAE-A69E-46CF-9A44-A04C865B8A2A}"
EndProject
Global
	GlobalSection(SolutionConfigurationPlatforms) = preSolution
		Debug|Any CPU = Debug|Any CPU
		Release|Any CPU = Release|Any CPU
	EndGlobalSection
	GlobalSection(ProjectConfigurationPlatforms) = postSolution
		{828A4EAE-A69E-46CF-9A44-A04C865B8A2A}.Debug|Any CPU.ActiveCfg = Debug|Any CPU
		{828A4EAE-A69E-46CF-9A44-A04C865B8A2A}.Debug|Any CPU.Build.0 = Debug|Any CPU
		{828A4EAE-A69E-46CF-9A44-A04C865B8A2A}.Release|Any CPU.ActiveCfg = Release|Any CPU
		{828A4EAE-A69E-46CF-9A44-A04C865B8A2A}.Release|Any CPU.Build.0 = Release|Any CPU
	EndGlobalSection
	GlobalSection(SolutionProperties) = preSolution
		HideSolutionNode = FALSE
	EndGlobalSection
	GlobalSection(ExtensibilityGlobals) = postSolution
		SolutionGuid = {A5C45311-B64C-4A5E-8F0A-41BD0186BFE9}
	EndGlobalSection
EndGlobal
